
Microsoft Visual Studio Solution File, Format Version 12.00
# Visual Studio 14
VisualStudioVersion = 14.0.25123.0
MinimumVisualStudioVersion = 10.0.40219.1
Project("{FAE04EC0-301F-11D3-BF4B-00C04F79EFBC}") = "ImageComparison", "ImageComparison\ImageComparison.csproj", "{9317DE4A-213D-4AFC-B58F-ED401204534A}"
EndProject
Project("{FAE04EC0-301F-11D3-BF4B-00C04F79EFBC}") = "ImageComparisonWpfGui", "ImageComparisonWpfGui\ImageComparisonWpfGui.csproj", "{37B365C0-ACD4-4A19-9CB7-08D19A651C14}"
EndProject
Project("{FAE04EC0-301F-11D3-BF4B-00C04F79EFBC}") = "TestingImageComparison_Console", "TestingImageComparison_Console\TestingImageComparison_Console.csproj", "{29A38371-DEEC-473D-8CE1-49FD9C74B352}"
EndProject
Project("{FAE04EC0-301F-11D3-BF4B-00C04F79EFBC}") = "ConsoleComparison", "ConsoleComparison\ConsoleComparison.csproj", "{B8370B52-89D2-4D5E-AC9B-99A7E221309C}"
EndProject
Global
	GlobalSection(SolutionConfigurationPlatforms) = preSolution
		Debug|Any CPU = Debug|Any CPU
		Release|Any CPU = Release|Any CPU
	EndGlobalSection
	GlobalSection(ProjectConfigurationPlatforms) = postSolution
		{9317DE4A-213D-4AFC-B58F-ED401204534A}.Debug|Any CPU.ActiveCfg = Debug|Any CPU
		{9317DE4A-213D-4AFC-B58F-ED401204534A}.Debug|Any CPU.Build.0 = Debug|Any CPU
		{9317DE4A-213D-4AFC-B58F-ED401204534A}.Release|Any CPU.ActiveCfg = Release|Any CPU
		{9317DE4A-213D-4AFC-B58F-ED401204534A}.Release|Any CPU.Build.0 = Release|Any CPU
		{37B365C0-ACD4-4A19-9CB7-08D19A651C14}.Debug|Any CPU.ActiveCfg = Debug|Any CPU
		{37B365C0-ACD4-4A19-9CB7-08D19A651C14}.Debug|Any CPU.Build.0 = Debug|Any CPU
		{37B365C0-ACD4-4A19-9CB7-08D19A651C14}.Release|Any CPU.ActiveCfg = Release|Any CPU
		{37B365C0-ACD4-4A19-9CB7-08D19A651C14}.Release|Any CPU.Build.0 = Release|Any CPU
		{29A38371-DEEC-473D-8CE1-49FD9C74B352}.Debug|Any CPU.ActiveCfg = Debug|Any CPU
		{29A38371-DEEC-473D-8CE1-49FD9C74B352}.Debug|Any CPU.Build.0 = Debug|Any CPU
		{29A38371-DEEC-473D-8CE1-49FD9C74B352}.Release|Any CPU.ActiveCfg = Release|Any CPU
		{29A38371-DEEC-473D-8CE1-49FD9C74B352}.Release|Any CPU.Build.0 = Release|Any CPU
		{B8370B52-89D2-4D5E-AC9B-99A7E221309C}.Debug|Any CPU.ActiveCfg = Debug|Any CPU
		{B8370B52-89D2-4D5E-AC9B-99A7E221309C}.Debug|Any CPU.Build.0 = Debug|Any CPU
		{B8370B52-89D2-4D5E-AC9B-99A7E221309C}.Release|Any CPU.ActiveCfg = Release|Any CPU
		{B8370B52-89D2-4D5E-AC9B-99A7E221309C}.Release|Any CPU.Build.0 = Release|Any CPU
	EndGlobalSection
	GlobalSection(SolutionProperties) = preSolution
		HideSolutionNode = FALSE
	EndGlobalSection
	GlobalSection(SubversionScc) = preSolution
		Svn-Managed = True
		Manager = AnkhSVN - Subversion Support for Visual Studio
	EndGlobalSection
EndGlobal
